lockfileVersion: 5.4

specifiers:
  '@types/module-alias': ^2.0.1
  '@types/node': ^18.14.6
  '@types/node-cron': ^3.0.7
  '@types/pg': ^8.6.6
  axios: ^1.3.4
  canvacord: ^5.4.8
  discord-api-types: ^0.37.35
  discord-oauth2: ^2.11.0
  discord.js: ^14.7.1
  mathjs: ^11.6.0
  module-alias: ^2.2.2
  node-cron: ^3.0.2
  pg: ^8.9.0
  pretty-ms: ^8.0.0
  rjutils-collection: ^1.2.0
  rjweb-server: ^4.0.3
  simple-git: ^3.17.0
  typescript: ^4.9.5

dependencies:
  axios: registry.npmjs.org/axios/1.3.4
  canvacord: registry.npmjs.org/canvacord/5.4.8
  discord-api-types: registry.npmjs.org/discord-api-types/0.37.35
  discord-oauth2: registry.npmjs.org/discord-oauth2/2.11.0
  discord.js: registry.npmjs.org/discord.js/14.7.1
  mathjs: registry.npmjs.org/mathjs/11.6.0
  module-alias: registry.npmjs.org/module-alias/2.2.2
  node-cron: registry.npmjs.org/node-cron/3.0.2
  pg: registry.npmjs.org/pg/8.9.0
  pretty-ms: registry.npmjs.org/pretty-ms/8.0.0
  rjutils-collection: registry.npmjs.org/rjutils-collection/1.2.0
  rjweb-server: registry.npmjs.org/rjweb-server/4.0.3
  simple-git: registry.npmjs.org/simple-git/3.17.0

devDependencies:
  '@types/module-alias': registry.npmjs.org/@types/module-alias/2.0.1
  '@types/node': registry.npmjs.org/@types/node/18.14.6
  '@types/node-cron': registry.npmjs.org/@types/node-cron/3.0.7
  '@types/pg': registry.npmjs.org/@types/pg/8.6.6
  typescript: registry.npmjs.org/typescript/4.9.5

packages:

  registry.npmjs.org/@babel/runtime/7.21.0:
    resolution: {integrity: sha512-xwII0//EObnq89Ji5AKYQaRYiW/nZ3llSv29d49IuxPhKbtJoLP+9QUUZ4nVragQVtaVGeZrpB+ZtG/Pdy/POw==, registry: https://registry.npmjs.cf/, tarball: https://registry.npmjs.org/@babel/runtime/-/runtime-7.21.0.tgz}
    name: '@babel/runtime'
    version: 7.21.0
    engines: {node: '>=6.9.0'}
    dependencies:
      regenerator-runtime: registry.npmjs.org/regenerator-runtime/0.13.11
    dev: false

  registry.npmjs.org/@discordjs/builders/1.4.0:
    resolution: {integrity: sha512-nEeTCheTTDw5kO93faM1j8ZJPonAX86qpq/QVoznnSa8WWcCgJpjlu6GylfINTDW6o7zZY0my2SYdxx2mfNwGA==, registry: https://registry.npmjs.cf/, tarball: https://registry.npmjs.org/@discordjs/builders/-/builders-1.4.0.tgz}
    name: '@discordjs/builders'
    version: 1.4.0
    engines: {node: '>=16.9.0'}
    dependencies:
      '@discordjs/util': registry.npmjs.org/@discordjs/util/0.1.0
      '@sapphire/shapeshift': registry.npmjs.org/@sapphire/shapeshift/3.8.1
      discord-api-types: registry.npmjs.org/discord-api-types/0.37.35
      fast-deep-equal: registry.npmjs.org/fast-deep-equal/3.1.3
      ts-mixer: registry.npmjs.org/ts-mixer/6.0.3
      tslib: registry.npmjs.org/tslib/2.5.0
    dev: false

  registry.npmjs.org/@discordjs/collection/1.3.0:
    resolution: {integrity: sha512-ylt2NyZ77bJbRij4h9u/wVy7qYw/aDqQLWnadjvDqW/WoWCxrsX6M3CIw9GVP5xcGCDxsrKj5e0r5evuFYwrKg==, registry: https://registry.npmjs.cf/, tarball: https://registry.npmjs.org/@discordjs/collection/-/collection-1.3.0.tgz}
    name: '@discordjs/collection'
    version: 1.3.0
    engines: {node: '>=16.9.0'}
    dev: false

  registry.npmjs.org/@discordjs/rest/1.5.0:
    resolution: {integrity: sha512-lXgNFqHnbmzp5u81W0+frdXN6Etf4EUi8FAPcWpSykKd8hmlWh1xy6BmE0bsJypU1pxohaA8lQCgp70NUI3uzA==, registry: https://registry.npmjs.cf/, tarball: https://registry.npmjs.org/@discordjs/rest/-/rest-1.5.0.tgz}
    name: '@discordjs/rest'
    version: 1.5.0
    engines: {node: '>=16.9.0'}
    dependencies:
      '@discordjs/collection': registry.npmjs.org/@discordjs/collection/1.3.0
      '@discordjs/util': registry.npmjs.org/@discordjs/util/0.1.0
      '@sapphire/async-queue': registry.npmjs.org/@sapphire/async-queue/1.5.0
      '@sapphire/snowflake': registry.npmjs.org/@sapphire/snowflake/3.4.0
      discord-api-types: registry.npmjs.org/discord-api-types/0.37.35
      file-type: registry.npmjs.org/file-type/18.2.1
      tslib: registry.npmjs.org/tslib/2.5.0
      undici: registry.npmjs.org/undici/5.20.0
    dev: false

  registry.npmjs.org/@discordjs/util/0.1.0:
    resolution: {integrity: sha512-e7d+PaTLVQav6rOc2tojh2y6FE8S7REkqLldq1XF4soCx74XB/DIjbVbVLtBemf0nLW77ntz0v+o5DytKwFNLQ==, registry: https://registry.npmjs.cf/, tarball: https://registry.npmjs.org/@discordjs/util/-/util-0.1.0.tgz}
    name: '@discordjs/util'
    version: 0.1.0
    engines: {node: '>=16.9.0'}
    dev: false

  registry.npmjs.org/@kwsites/file-exists/1.1.1:
    resolution: {integrity: sha512-m9/5YGR18lIwxSFDwfE3oA7bWuq9kdau6ugN4H2rJeyhFQZcG9AgSHkQtSD15a8WvTgfz9aikZMrKPHvbpqFiw==, registry: https://registry.npmjs.cf/, tarball: https://registry.npmjs.org/@kwsites/file-exists/-/file-exists-1.1.1.tgz}
    name: '@kwsites/file-exists'
    version: 1.1.1
    dependencies:
      debug: registry.npmjs.org/debug/4.3.4
    transitivePeerDependencies:
      - supports-color
    dev: false

  registry.npmjs.org/@kwsites/promise-deferred/1.1.1:
    resolution: {integrity: sha512-GaHYm+c0O9MjZRu0ongGBRbinu8gVAMd2UZjji6jVmqKtZluZnptXGWhz1E8j8D2HJ3f/yMxKAUC0b+57wncIw==, registry: https://registry.npmjs.cf/, tarball: https://registry.npmjs.org/@kwsites/promise-deferred/-/promise-deferred-1.1.1.tgz}
    name: '@kwsites/promise-deferred'
    version: 1.1.1
    dev: false

  registry.npmjs.org/@napi-rs/canvas-android-arm64/0.1.37:
    resolution: {integrity: sha512-suj1ge0MVkamnAeRMZ41u7t8QjW/Pobfa+tpgx1geLLmjmiOznG0gupWT97/Fb2yXYQ4v12Dz7nZcTYTelTbQg==, registry: https://registry.npmjs.cf/, tarball: https://registry.npmjs.org/@napi-rs/canvas-android-arm64/-/canvas-android-arm64-0.1.37.tgz}
    name: '@napi-rs/canvas-android-arm64'
    version: 0.1.37
    engines: {node: '>= 10'}
    cpu: [arm64]
    os: [android]
    requiresBuild: true
    dev: false
    optional: true

  registry.npmjs.org/@napi-rs/canvas-darwin-arm64/0.1.37:
    resolution: {integrity: sha512-2/l+eHHka9wnyKPZSmVOF00YvLNXF+dChXJVEnQvWV3UMPwwSUwRhyXdJ68PF45Sf3pU467NveP9Q5qH3zCFYg==, registry: https://registry.npmjs.cf/, tarball: https://registry.npmjs.org/@napi-rs/canvas-darwin-arm64/-/canvas-darwin-arm64-0.1.37.tgz}
    name: '@napi-rs/canvas-darwin-arm64'
    version: 0.1.37
    engines: {node: '>= 10'}
    cpu: [arm64]
    os: [darwin]
    requiresBuild: true
    dev: false
    optional: true

  registry.npmjs.org/@napi-rs/canvas-darwin-x64/0.1.37:
    resolution: {integrity: sha512-s6Y2Qt5nsVQb8VnsRZC/egUZ8vZEkChFJkQuPYgU5N5xa+fJoaFTIyDpZZtJ0kor2Qs8hZH3zJ7TlTFazc6VbA==, registry: https://registry.npmjs.cf/, tarball: https://registry.npmjs.org/@napi-rs/canvas-darwin-x64/-/canvas-darwin-x64-0.1.37.tgz}
    name: '@napi-rs/canvas-darwin-x64'
    version: 0.1.37
    engines: {node: '>= 10'}
    cpu: [x64]
    os: [darwin]
    requiresBuild: true
    dev: false
    optional: true

  registry.npmjs.org/@napi-rs/canvas-linux-arm-gnueabihf/0.1.37:
    resolution: {integrity: sha512-NpDdv3OEub4+mwSB/Z07xxs7aa16p5SXGIuJZbC0/8CyQxcDF3NBQNbddK/H6vjSNH0Ypm2OK8tgHMxksulA9w==, registry: https://registry.npmjs.cf/, tarball: https://registry.npmjs.org/@napi-rs/canvas-linux-arm-gnueabihf/-/canvas-linux-arm-gnueabihf-0.1.37.tgz}
    name: '@napi-rs/canvas-linux-arm-gnueabihf'
    version: 0.1.37
    engines: {node: '>= 10'}
    cpu: [arm]
    os: [linux]
    requiresBuild: true
    dev: false
    optional: true

  registry.npmjs.org/@napi-rs/canvas-linux-arm64-gnu/0.1.37:
    resolution: {integrity: sha512-jwNWJkGfyF/XkZ4nApC1azktVWRymXLL1IjLh6oyaZnO6o9FMqC0rxu21c8iBtowzSFDXqtxb4xIuSaEbCus/g==, registry: https://registry.npmjs.cf/, tarball: https://registry.npmjs.org/@napi-rs/canvas-linux-arm64-gnu/-/canvas-linux-arm64-gnu-0.1.37.tgz}
    name: '@napi-rs/canvas-linux-arm64-gnu'
    version: 0.1.37
    engines: {node: '>= 10'}
    cpu: [arm64]
    os: [linux]
    requiresBuild: true
    dev: false
    optional: true

  registry.npmjs.org/@napi-rs/canvas-linux-arm64-musl/0.1.37:
    resolution: {integrity: sha512-VdLImJtRqHnnkbI4ckG1W3D59yQbqPeoSmqxjB3POeLx/Ad+KE1re5d6AvC7iplDrHMwOlzsd7X8ShAQsC7hAw==, registry: https://registry.npmjs.cf/, tarball: https://registry.npmjs.org/@napi-rs/canvas-linux-arm64-musl/-/canvas-linux-arm64-musl-0.1.37.tgz}
    name: '@napi-rs/canvas-linux-arm64-musl'
    version: 0.1.37
    engines: {node: '>= 10'}
    cpu: [arm64]
    os: [linux]
    requiresBuild: true
    dev: false
    optional: true

  registry.npmjs.org/@napi-rs/canvas-linux-x64-gnu/0.1.37:
    resolution: {integrity: sha512-QaD/r7gxNSZVDJWfE9W4cE68KhsXBJRyT3f1Pv6Bpwz6sPtxJuWUrmdn+1wpGDqD+mHBMrCfDLGfTiHIIp1llg==, registry: https://registry.npmjs.cf/, tarball: https://registry.npmjs.org/@napi-rs/canvas-linux-x64-gnu/-/canvas-linux-x64-gnu-0.1.37.tgz}
    name: '@napi-rs/canvas-linux-x64-gnu'
    version: 0.1.37
    engines: {node: '>= 10'}
    cpu: [x64]
    os: [linux]
    requiresBuild: true
    dev: false
    optional: true

  registry.npmjs.org/@napi-rs/canvas-linux-x64-musl/0.1.37:
    resolution: {integrity: sha512-RIe3NehksMImi7kWltjWLq1Zms+k6UlFSJ250hzJYT0FifsvSxyxtC4EtnkBrZD+7kKINoD3VpiXI4xn/WG6Uw==, registry: https://registry.npmjs.cf/, tarball: https://registry.npmjs.org/@napi-rs/canvas-linux-x64-musl/-/canvas-linux-x64-musl-0.1.37.tgz}
    name: '@napi-rs/canvas-linux-x64-musl'
    version: 0.1.37
    engines: {node: '>= 10'}
    cpu: [x64]
    os: [linux]
    requiresBuild: true
    dev: false
    optional: true

  registry.npmjs.org/@napi-rs/canvas-win32-x64-msvc/0.1.37:
    resolution: {integrity: sha512-64vgf0aMtLo9bqQkSrrg1SVubbLBfl/e0W3/W8pzgM8FgmSlQSjXIpjAqcBNGiZ6ORHYvjkBDw00rqDJ6Aug2Q==, registry: https://registry.npmjs.cf/, tarball: https://registry.npmjs.org/@napi-rs/canvas-win32-x64-msvc/-/canvas-win32-x64-msvc-0.1.37.tgz}
    name: '@napi-rs/canvas-win32-x64-msvc'
    version: 0.1.37
    engines: {node: '>= 10'}
    cpu: [x64]
    os: [win32]
    requiresBuild: true
    dev: false
    optional: true

  registry.npmjs.org/@napi-rs/canvas/0.1.37:
    resolution: {integrity: sha512-QO5rf3BAxcKsriJGsplVg2tq9JeheeTL+Yq+faxVnTtNc11GyYo2WHLR3tuMQdXTAHzyr2vfU8QWV5MI4HwsYw==, registry: https://registry.npmjs.cf/, tarball: https://registry.npmjs.org/@napi-rs/canvas/-/canvas-0.1.37.tgz}
    name: '@napi-rs/canvas'
    version: 0.1.37
    engines: {node: '>= 10'}
    optionalDependencies:
      '@napi-rs/canvas-android-arm64': registry.npmjs.org/@napi-rs/canvas-android-arm64/0.1.37
      '@napi-rs/canvas-darwin-arm64': registry.npmjs.org/@napi-rs/canvas-darwin-arm64/0.1.37
      '@napi-rs/canvas-darwin-x64': registry.npmjs.org/@napi-rs/canvas-darwin-x64/0.1.37
      '@napi-rs/canvas-linux-arm-gnueabihf': registry.npmjs.org/@napi-rs/canvas-linux-arm-gnueabihf/0.1.37
      '@napi-rs/canvas-linux-arm64-gnu': registry.npmjs.org/@napi-rs/canvas-linux-arm64-gnu/0.1.37
      '@napi-rs/canvas-linux-arm64-musl': registry.npmjs.org/@napi-rs/canvas-linux-arm64-musl/0.1.37
      '@napi-rs/canvas-linux-x64-gnu': registry.npmjs.org/@napi-rs/canvas-linux-x64-gnu/0.1.37
      '@napi-rs/canvas-linux-x64-musl': registry.npmjs.org/@napi-rs/canvas-linux-x64-musl/0.1.37
      '@napi-rs/canvas-win32-x64-msvc': registry.npmjs.org/@napi-rs/canvas-win32-x64-msvc/0.1.37
    dev: false

  registry.npmjs.org/@sapphire/async-queue/1.5.0:
    resolution: {integrity: sha512-JkLdIsP8fPAdh9ZZjrbHWR/+mZj0wvKS5ICibcLrRI1j84UmLMshx5n9QmL8b95d4onJ2xxiyugTgSAX7AalmA==, registry: https://registry.npmjs.cf/, tarball: https://registry.npmjs.org/@sapphire/async-queue/-/async-queue-1.5.0.tgz}
    name: '@sapphire/async-queue'
    version: 1.5.0
    engines: {node: '>=v14.0.0', npm: '>=7.0.0'}
    dev: false

  registry.npmjs.org/@sapphire/shapeshift/3.8.1:
    resolution: {integrity: sha512-xG1oXXBhCjPKbxrRTlox9ddaZTvVpOhYLmKmApD/vIWOV1xEYXnpoFs68zHIZBGbqztq6FrUPNPerIrO1Hqeaw==, registry: https://registry.npmjs.cf/, tarball: https://registry.npmjs.org/@sapphire/shapeshift/-/shapeshift-3.8.1.tgz}
    name: '@sapphire/shapeshift'
    version: 3.8.1
    engines: {node: '>=v14.0.0', npm: '>=7.0.0'}
    dependencies:
      fast-deep-equal: registry.npmjs.org/fast-deep-equal/3.1.3
      lodash: registry.npmjs.org/lodash/4.17.21
    dev: false

  registry.npmjs.org/@sapphire/snowflake/3.4.0:
    resolution: {integrity: sha512-zZxymtVO6zeXVMPds+6d7gv/OfnCc25M1Z+7ZLB0oPmeMTPeRWVPQSS16oDJy5ZsyCOLj7M6mbZml5gWXcVRNw==, registry: https://registry.npmjs.cf/, tarball: https://registry.npmjs.org/@sapphire/snowflake/-/snowflake-3.4.0.tgz}
    name: '@sapphire/snowflake'
    version: 3.4.0
    engines: {node: '>=v14.0.0', npm: '>=7.0.0'}
    dev: false

  registry.npmjs.org/@skyra/gifenc/1.0.1:
    resolution: {integrity: sha512-kxu65ZchumEKWnFwPwy+/T2+/lzQZtwK6f5VTG3OJIBqvfdyRyxrWvbeBHT6G8p6nBEuxSwyI3YXTv2koXvHVQ==, registry: https://registry.npmjs.cf/, tarball: https://registry.npmjs.org/@skyra/gifenc/-/gifenc-1.0.1.tgz}
    name: '@skyra/gifenc'
    version: 1.0.1
    engines: {node: '>=v14.18.0', npm: '>=7.24.2'}
    dependencies:
      tslib: registry.npmjs.org/tslib/2.5.0
    dev: false

  registry.npmjs.org/@tokenizer/token/0.3.0:
    resolution: {integrity: sha512-OvjF+z51L3ov0OyAU0duzsYuvO01PH7x4t6DJx+guahgTnBHkhJdG7soQeTSFLWN3efnHyibZ4Z8l2EuWwJN3A==, registry: https://registry.npmjs.cf/, tarball: https://registry.npmjs.org/@tokenizer/token/-/token-0.3.0.tgz}
    name: '@tokenizer/token'
    version: 0.3.0
    dev: false

  registry.npmjs.org/@types/module-alias/2.0.1:
    resolution: {integrity: sha512-DN/CCT1HQG6HquBNJdLkvV+4v5l/oEuwOHUPLxI+Eub0NED+lk0YUfba04WGH90EINiUrNgClkNnwGmbICeWMQ==, registry: https://registry.npmjs.cf/, tarball: https://registry.npmjs.org/@types/module-alias/-/module-alias-2.0.1.tgz}
    name: '@types/module-alias'
    version: 2.0.1
    dev: true

  registry.npmjs.org/@types/node-cron/3.0.7:
    resolution: {integrity: sha512-9PuLtBboc/+JJ7FshmJWv769gDonTpItN0Ol5TMwclpSQNjVyB2SRxSKBcTtbSysSL5R7Oea06kTTFNciCoYwA==, registry: https://registry.npmjs.cf/, tarball: https://registry.npmjs.org/@types/node-cron/-/node-cron-3.0.7.tgz}
    name: '@types/node-cron'
    version: 3.0.7
    dev: true

  registry.npmjs.org/@types/node/18.14.6:
    resolution: {integrity: sha512-93+VvleD3mXwlLI/xASjw0FzKcwzl3OdTCzm1LaRfqgS21gfFtK3zDXM5Op9TeeMsJVOaJ2VRDpT9q4Y3d0AvA==, registry: https://registry.npmjs.cf/, tarball: https://registry.npmjs.org/@types/node/-/node-18.14.6.tgz}
    name: '@types/node'
    version: 18.14.6

  registry.npmjs.org/@types/pg/8.6.6:
    resolution: {integrity: sha512-O2xNmXebtwVekJDD+02udOncjVcMZQuTEQEMpKJ0ZRf5E7/9JJX3izhKUcUifBkyKpljyUM6BTgy2trmviKlpw==, registry: https://registry.npmjs.cf/, tarball: https://registry.npmjs.org/@types/pg/-/pg-8.6.6.tgz}
    name: '@types/pg'
    version: 8.6.6
    dependencies:
      '@types/node': registry.npmjs.org/@types/node/18.14.6
      pg-protocol: registry.npmjs.org/pg-protocol/1.6.0
      pg-types: registry.npmjs.org/pg-types/2.2.0
    dev: true

  registry.npmjs.org/@types/ws/8.5.4:
    resolution: {integrity: sha512-zdQDHKUgcX/zBc4GrwsE/7dVdAD8JR4EuiAXiiUhhfyIJXXb2+PrGshFyeXWQPMmmZ2XxgaqclgpIC7eTXc1mg==, registry: https://registry.npmjs.cf/, tarball: https://registry.npmjs.org/@types/ws/-/ws-8.5.4.tgz}
    name: '@types/ws'
    version: 8.5.4
    dependencies:
      '@types/node': registry.npmjs.org/@types/node/18.14.6
    dev: false

  registry.npmjs.org/asynckit/0.4.0:
    resolution: {integrity: sha512-Oei9OH4tRh0YqU3GxhX79dM/mwVgvbZJaSNaRk+bshkj0S5cfHcgYakreBjrHwatXKbz+IoIdYLxrKim2MjW0Q==, registry: https://registry.npmjs.cf/, tarball: https://registry.npmjs.org/asynckit/-/asynckit-0.4.0.tgz}
    name: asynckit
    version: 0.4.0
    dev: false

  registry.npmjs.org/axios/1.3.4:
    resolution: {integrity: sha512-toYm+Bsyl6VC5wSkfkbbNB6ROv7KY93PEBBL6xyDczaIHasAiv4wPqQ/c4RjoQzipxRD2W5g21cOqQulZ7rHwQ==, registry: https://registry.npmjs.cf/, tarball: https://registry.npmjs.org/axios/-/axios-1.3.4.tgz}
    name: axios
    version: 1.3.4
    dependencies:
      follow-redirects: registry.npmjs.org/follow-redirects/1.15.2
      form-data: registry.npmjs.org/form-data/4.0.0
      proxy-from-env: registry.npmjs.org/proxy-from-env/1.1.0
    transitivePeerDependencies:
      - debug
    dev: false

  registry.npmjs.org/buffer-writer/2.0.0:
    resolution: {integrity: sha512-a7ZpuTZU1TRtnwyCNW3I5dc0wWNC3VR9S++Ewyk2HHZdrO3CQJqSpd+95Us590V6AL7JqUAH2IwZ/398PmNFgw==, registry: https://registry.npmjs.cf/, tarball: https://registry.npmjs.org/buffer-writer/-/buffer-writer-2.0.0.tgz}
    name: buffer-writer
    version: 2.0.0
    engines: {node: '>=4'}
    dev: false

  registry.npmjs.org/busboy/1.6.0:
    resolution: {integrity: sha512-8SFQbg/0hQ9xy3UNTB0YEnsNBbWfhf7RtnzpL7TkBiTBRfrQ9Fxcnz7VJsleJpyp6rVLvXiuORqjlHi5q+PYuA==, registry: https://registry.npmjs.cf/, tarball: https://registry.npmjs.org/busboy/-/busboy-1.6.0.tgz}
    name: busboy
    version: 1.6.0
    engines: {node: '>=10.16.0'}
    dependencies:
      streamsearch: registry.npmjs.org/streamsearch/1.1.0
    dev: false

  registry.npmjs.org/canvacord/5.4.8:
    resolution: {integrity: sha512-hxZ821JzQNCw/WkadVamFZDHvgzmTe9hfla1rG6c0cZoLwAAaSoQ3PPjpaTFbfkiYLeJugdlYnzm5sCJDsT5bA==, registry: https://registry.npmjs.cf/, tarball: https://registry.npmjs.org/canvacord/-/canvacord-5.4.8.tgz}
    name: canvacord
    version: 5.4.8
    hasBin: true
    requiresBuild: true
    dependencies:
      '@napi-rs/canvas': registry.npmjs.org/@napi-rs/canvas/0.1.37
      '@skyra/gifenc': registry.npmjs.org/@skyra/gifenc/1.0.1
      chalk: registry.npmjs.org/chalk/5.2.0
      moment: registry.npmjs.org/moment/2.29.4
      moment-duration-format: registry.npmjs.org/moment-duration-format/2.3.2
      node-fetch: registry.npmjs.org/node-fetch/2.6.7
    transitivePeerDependencies:
      - encoding
    dev: false

  registry.npmjs.org/chalk/5.2.0:
    resolution: {integrity: sha512-ree3Gqw/nazQAPuJJEy+avdl7QfZMcUvmHIKgEZkGL+xOBzRvup5Hxo6LHuMceSxOabuJLJm5Yp/92R9eMmMvA==, registry: https://registry.npmjs.cf/, tarball: https://registry.npmjs.org/chalk/-/chalk-5.2.0.tgz}
    name: chalk
    version: 5.2.0
    engines: {node: ^12.17.0 || ^14.13 || >=16.0.0}
    dev: false

  registry.npmjs.org/combined-stream/1.0.8:
    resolution: {integrity: sha512-FQN4MRfuJeHf7cBbBMJFXhKSDq+2kAArBlmRBvcvFE5BB1HZKXtSFASDhdlz9zOYwxh8lDdnvmMOe/+5cdoEdg==, registry: https://registry.npmjs.cf/, tarball: https://registry.npmjs.org/combined-stream/-/combined-stream-1.0.8.tgz}
    name: combined-stream
    version: 1.0.8
    engines: {node: '>= 0.8'}
    dependencies:
      delayed-stream: registry.npmjs.org/delayed-stream/1.0.0
    dev: false

  registry.npmjs.org/complex.js/2.1.1:
    resolution: {integrity: sha512-8njCHOTtFFLtegk6zQo0kkVX1rngygb/KQI6z1qZxlFI3scluC+LVTCFbrkWjBv4vvLlbQ9t88IPMC6k95VTTg==, registry: https://registry.npmjs.cf/, tarball: https://registry.npmjs.org/complex.js/-/complex.js-2.1.1.tgz}
    name: complex.js
    version: 2.1.1
    dev: false

  registry.npmjs.org/debug/4.3.4:
    resolution: {integrity: sha512-PRWFHuSU3eDtQJPvnNY7Jcket1j0t5OuOsFzPPzsekD52Zl8qUfFIPEiswXqIvHWGVHOgX+7G/vCNNhehwxfkQ==, registry: https://registry.npmjs.cf/, tarball: https://registry.npmjs.org/debug/-/debug-4.3.4.tgz}
    name: debug
    version: 4.3.4
    engines: {node: '>=6.0'}
    peerDependencies:
      supports-color: '*'
    peerDependenciesMeta:
      supports-color:
        optional: true
    dependencies:
      ms: registry.npmjs.org/ms/2.1.2
    dev: false

  registry.npmjs.org/decimal.js/10.4.3:
    resolution: {integrity: sha512-VBBaLc1MgL5XpzgIP7ny5Z6Nx3UrRkIViUkPUdtl9aya5amy3De1gsUUSB1g3+3sExYNjCAsAznmukyxCb1GRA==, registry: https://registry.npmjs.cf/, tarball: https://registry.npmjs.org/decimal.js/-/decimal.js-10.4.3.tgz}
    name: decimal.js
    version: 10.4.3
    dev: false

  registry.npmjs.org/delayed-stream/1.0.0:
    resolution: {integrity: sha512-ZySD7Nf91aLB0RxL4KGrKHBXl7Eds1DAmEdcoVawXnLD7SDhpNgtuII2aAkg7a7QS41jxPSZ17p4VdGnMHk3MQ==, registry: https://registry.npmjs.cf/, tarball: https://registry.npmjs.org/delayed-stream/-/delayed-stream-1.0.0.tgz}
    name: delayed-stream
    version: 1.0.0
    engines: {node: '>=0.4.0'}
    dev: false

  registry.npmjs.org/discord-api-types/0.37.35:
    resolution: {integrity: sha512-iyKZ/82k7FX3lcmHiAvvWu5TmyfVo78RtghBV/YsehK6CID83k5SI03DKKopBcln+TiEIYw5MGgq7SJXSpNzMg==, registry: https://registry.npmjs.cf/, tarball: https://registry.npmjs.org/discord-api-types/-/discord-api-types-0.37.35.tgz}
    name: discord-api-types
    version: 0.37.35
    dev: false

  registry.npmjs.org/discord-oauth2/2.11.0:
    resolution: {integrity: sha512-pIbgXm498f7vqNd8/7JwoLd36YMFOFASSJdqyCGdwQpaG7ULHu9nLyifpVXI1b88xvNLqQwqugS8jxkn8Ypd1Q==, registry: https://registry.npmjs.cf/, tarball: https://registry.npmjs.org/discord-oauth2/-/discord-oauth2-2.11.0.tgz}
    name: discord-oauth2
    version: 2.11.0
    dev: false

  registry.npmjs.org/discord.js/14.7.1:
    resolution: {integrity: sha512-1FECvqJJjjeYcjSm0IGMnPxLqja/pmG1B0W2l3lUY2Gi4KXiyTeQmU1IxWcbXHn2k+ytP587mMWqva2IA87EbA==, registry: https://registry.npmjs.cf/, tarball: https://registry.npmjs.org/discord.js/-/discord.js-14.7.1.tgz}
    name: discord.js
    version: 14.7.1
    engines: {node: '>=16.9.0'}
    dependencies:
      '@discordjs/builders': registry.npmjs.org/@discordjs/builders/1.4.0
      '@discordjs/collection': registry.npmjs.org/@discordjs/collection/1.3.0
      '@discordjs/rest': registry.npmjs.org/@discordjs/rest/1.5.0
      '@discordjs/util': registry.npmjs.org/@discordjs/util/0.1.0
      '@sapphire/snowflake': registry.npmjs.org/@sapphire/snowflake/3.4.0
      '@types/ws': registry.npmjs.org/@types/ws/8.5.4
      discord-api-types: registry.npmjs.org/discord-api-types/0.37.35
      fast-deep-equal: registry.npmjs.org/fast-deep-equal/3.1.3
      lodash.snakecase: registry.npmjs.org/lodash.snakecase/4.1.1
      tslib: registry.npmjs.org/tslib/2.5.0
      undici: registry.npmjs.org/undici/5.20.0
      ws: registry.npmjs.org/ws/8.12.1
    transitivePeerDependencies:
      - bufferutil
      - utf-8-validate
    dev: false

  registry.npmjs.org/escape-latex/1.2.0:
    resolution: {integrity: sha512-nV5aVWW1K0wEiUIEdZ4erkGGH8mDxGyxSeqPzRNtWP7ataw+/olFObw7hujFWlVjNsaDFw5VZ5NzVSIqRgfTiw==, registry: https://registry.npmjs.cf/, tarball: https://registry.npmjs.org/escape-latex/-/escape-latex-1.2.0.tgz}
    name: escape-latex
    version: 1.2.0
    dev: false

  registry.npmjs.org/fast-deep-equal/3.1.3:
    resolution: {integrity: sha512-f3qQ9oQy9j2AhBe/H9VC91wLmKBCCU/gDOnKNAYG5hswO7BLKj09Hc5HYNz9cGI++xlpDCIgDaitVs03ATR84Q==, registry: https://registry.npmjs.cf/, tarball: https://registry.npmjs.org/fast-deep-equal/-/fast-deep-equal-3.1.3.tgz}
    name: fast-deep-equal
    version: 3.1.3
    dev: false

  registry.npmjs.org/file-type/18.2.1:
    resolution: {integrity: sha512-Yw5MtnMv7vgD2/6Bjmmuegc8bQEVA9GmAyaR18bMYWKqsWDG9wgYZ1j4I6gNMF5Y5JBDcUcjRQqNQx7Y8uotcg==, registry: https://registry.npmjs.cf/, tarball: https://registry.npmjs.org/file-type/-/file-type-18.2.1.tgz}
    name: file-type
    version: 18.2.1
    engines: {node: '>=14.16'}
    dependencies:
      readable-web-to-node-stream: registry.npmjs.org/readable-web-to-node-stream/3.0.2
      strtok3: registry.npmjs.org/strtok3/7.0.0
      token-types: registry.npmjs.org/token-types/5.0.1
    dev: false

  registry.npmjs.org/follow-redirects/1.15.2:
    resolution: {integrity: sha512-VQLG33o04KaQ8uYi2tVNbdrWp1QWxNNea+nmIB4EVM28v0hmP17z7aG1+wAkNzVq4KeXTq3221ye5qTJP91JwA==, registry: https://registry.npmjs.cf/, tarball: https://registry.npmjs.org/follow-redirects/-/follow-redirects-1.15.2.tgz}
    name: follow-redirects
    version: 1.15.2
    engines: {node: '>=4.0'}
    peerDependencies:
      debug: '*'
    peerDependenciesMeta:
      debug:
        optional: true
    dev: false

  registry.npmjs.org/form-data/4.0.0:
    resolution: {integrity: sha512-ETEklSGi5t0QMZuiXoA/Q6vcnxcLQP5vdugSpuAyi6SVGi2clPPp+xgEhuMaHC+zGgn31Kd235W35f7Hykkaww==, registry: https://registry.npmjs.cf/, tarball: https://registry.npmjs.org/form-data/-/form-data-4.0.0.tgz}
    name: form-data
    version: 4.0.0
    engines: {node: '>= 6'}
    dependencies:
      asynckit: registry.npmjs.org/asynckit/0.4.0
      combined-stream: registry.npmjs.org/combined-stream/1.0.8
      mime-types: registry.npmjs.org/mime-types/2.1.35
    dev: false

  registry.npmjs.org/fraction.js/4.2.0:
    resolution: {integrity: sha512-MhLuK+2gUcnZe8ZHlaaINnQLl0xRIGRfcGk2yl8xoQAfHrSsL3rYu6FCmBdkdbhc9EPlwyGHewaRsvwRMJtAlA==, registry: https://registry.npmjs.cf/, tarball: https://registry.npmjs.org/fraction.js/-/fraction.js-4.2.0.tgz}
    name: fraction.js
    version: 4.2.0
    dev: false

  registry.npmjs.org/ieee754/1.2.1:
    resolution: {integrity: sha512-dcyqhDvX1C46lXZcVqCpK+FtMRQVdIMN6/Df5js2zouUsqG7I6sFxitIC+7KYK29KdXOLHdu9zL4sFnoVQnqaA==, registry: https://registry.npmjs.cf/, tarball: https://registry.npmjs.org/ieee754/-/ieee754-1.2.1.tgz}
    name: ieee754
    version: 1.2.1
    dev: false

  registry.npmjs.org/inherits/2.0.4:
    resolution: {integrity: sha512-k/vGaX4/Yla3WzyMCvTQOXYeIHvqOKtnqBduzTHpzpQZzAskKMhZ2K+EnBiSM9zGSoIFeMpXKxa4dYeZIQqewQ==, registry: https://registry.npmjs.cf/, tarball: https://registry.npmjs.org/inherits/-/inherits-2.0.4.tgz}
    name: inherits
    version: 2.0.4
    dev: false

  registry.npmjs.org/javascript-natural-sort/0.7.1:
    resolution: {integrity: sha512-nO6jcEfZWQXDhOiBtG2KvKyEptz7RVbpGP4vTD2hLBdmNQSsCiicO2Ioinv6UI4y9ukqnBpy+XZ9H6uLNgJTlw==, registry: https://registry.npmjs.cf/, tarball: https://registry.npmjs.org/javascript-natural-sort/-/javascript-natural-sort-0.7.1.tgz}
    name: javascript-natural-sort
    version: 0.7.1
    dev: false

  registry.npmjs.org/lodash.snakecase/4.1.1:
    resolution: {integrity: sha512-QZ1d4xoBHYUeuouhEq3lk3Uq7ldgyFXGBhg04+oRLnIz8o9T65Eh+8YdroUwn846zchkA9yDsDl5CVVaV2nqYw==, registry: https://registry.npmjs.cf/, tarball: https://registry.npmjs.org/lodash.snakecase/-/lodash.snakecase-4.1.1.tgz}
    name: lodash.snakecase
    version: 4.1.1
    dev: false

  registry.npmjs.org/lodash/4.17.21:
    resolution: {integrity: sha512-v2kDEe57lecTulaDIuNTPy3Ry4gLGJ6Z1O3vE1krgXZNrsQ+LFTGHVxVjcXPs17LhbZVGedAJv8XZ1tvj5FvSg==, registry: https://registry.npmjs.cf/, tarball: https://registry.npmjs.org/lodash/-/lodash-4.17.21.tgz}
    name: lodash
    version: 4.17.21
    dev: false

  registry.npmjs.org/mathjs/11.6.0:
    resolution: {integrity: sha512-6AAhoVvmCJSozTW+pc3XAwe9pLlAO5fYHnrHv4XWb0NQxjdz0DRnT3qneOPkKH6raTnlvHuX3XGLv8BmgXfiEg==, registry: https://registry.npmjs.cf/, tarball: https://registry.npmjs.org/mathjs/-/mathjs-11.6.0.tgz}
    name: mathjs
    version: 11.6.0
    engines: {node: '>= 14'}
    hasBin: true
    dependencies:
      '@babel/runtime': registry.npmjs.org/@babel/runtime/7.21.0
      complex.js: registry.npmjs.org/complex.js/2.1.1
      decimal.js: registry.npmjs.org/decimal.js/10.4.3
      escape-latex: registry.npmjs.org/escape-latex/1.2.0
      fraction.js: registry.npmjs.org/fraction.js/4.2.0
      javascript-natural-sort: registry.npmjs.org/javascript-natural-sort/0.7.1
      seedrandom: registry.npmjs.org/seedrandom/3.0.5
      tiny-emitter: registry.npmjs.org/tiny-emitter/2.1.0
      typed-function: registry.npmjs.org/typed-function/4.1.0
    dev: false

  registry.npmjs.org/mime-db/1.52.0:
    resolution: {integrity: sha512-sPU4uV7dYlvtWJxwwxHD0PuihVNiE7TyAbQ5SWxDCB9mUYvOgroQOwYQQOKPJ8CIbE+1ETVlOoK1UC2nU3gYvg==, registry: https://registry.npmjs.cf/, tarball: https://registry.npmjs.org/mime-db/-/mime-db-1.52.0.tgz}
    name: mime-db
    version: 1.52.0
    engines: {node: '>= 0.6'}
    dev: false

  registry.npmjs.org/mime-types/2.1.35:
    resolution: {integrity: sha512-ZDY+bPm5zTTF+YpCrAU9nK0UgICYPT0QtT1NZWFv4s++TNkcgVaT0g6+4R2uI4MjQjzysHB1zxuWL50hzaeXiw==, registry: https://registry.npmjs.cf/, tarball: https://registry.npmjs.org/mime-types/-/mime-types-2.1.35.tgz}
    name: mime-types
    version: 2.1.35
    engines: {node: '>= 0.6'}
    dependencies:
      mime-db: registry.npmjs.org/mime-db/1.52.0
    dev: false

  registry.npmjs.org/module-alias/2.2.2:
    resolution: {integrity: sha512-A/78XjoX2EmNvppVWEhM2oGk3x4lLxnkEA4jTbaK97QKSDjkIoOsKQlfylt/d3kKKi596Qy3NP5XrXJ6fZIC9Q==, registry: https://registry.npmjs.cf/, tarball: https://registry.npmjs.org/module-alias/-/module-alias-2.2.2.tgz}
    name: module-alias
    version: 2.2.2
    dev: false

  registry.npmjs.org/moment-duration-format/2.3.2:
    resolution: {integrity: sha512-cBMXjSW+fjOb4tyaVHuaVE/A5TqkukDWiOfxxAjY+PEqmmBQlLwn+8OzwPiG3brouXKY5Un4pBjAeB6UToXHaQ==, registry: https://registry.npmjs.cf/, tarball: https://registry.npmjs.org/moment-duration-format/-/moment-duration-format-2.3.2.tgz}
    name: moment-duration-format
    version: 2.3.2
    dev: false

  registry.npmjs.org/moment/2.29.4:
    resolution: {integrity: sha512-5LC9SOxjSc2HF6vO2CyuTDNivEdoz2IvyJJGj6X8DJ0eFyfszE0QiEd+iXmBvUP3WHxSjFH/vIsA0EN00cgr8w==, registry: https://registry.npmjs.cf/, tarball: https://registry.npmjs.org/moment/-/moment-2.29.4.tgz}
    name: moment
    version: 2.29.4
    dev: false

  registry.npmjs.org/ms/2.1.2:
    resolution: {integrity: sha512-sGkPx+VjMtmA6MX27oA4FBFELFCZZ4S4XqeGOXCv68tT+jb3vk/RyaKWP0PTKyWtmLSM0b+adUTEvbs1PEaH2w==, registry: https://registry.npmjs.cf/, tarball: https://registry.npmjs.org/ms/-/ms-2.1.2.tgz}
    name: ms
    version: 2.1.2
    dev: false

  registry.npmjs.org/node-cron/3.0.2:
    resolution: {integrity: sha512-iP8l0yGlNpE0e6q1o185yOApANRe47UPbLf4YxfbiNHt/RU5eBcGB/e0oudruheSf+LQeDMezqC5BVAb5wwRcQ==, registry: https://registry.npmjs.cf/, tarball: https://registry.npmjs.org/node-cron/-/node-cron-3.0.2.tgz}
    name: node-cron
    version: 3.0.2
    engines: {node: '>=6.0.0'}
    dependencies:
      uuid: registry.npmjs.org/uuid/8.3.2
    dev: false

  registry.npmjs.org/node-fetch/2.6.7:
    resolution: {integrity: sha512-ZjMPFEfVx5j+y2yF35Kzx5sF7kDzxuDj6ziH4FFbOp87zKDZNx8yExJIb05OGF4Nlt9IHFIMBkRl41VdvcNdbQ==, registry: https://registry.npmjs.cf/, tarball: https://registry.npmjs.org/node-fetch/-/node-fetch-2.6.7.tgz}
    name: node-fetch
    version: 2.6.7
    engines: {node: 4.x || >=6.0.0}
    peerDependencies:
      encoding: ^0.1.0
    peerDependenciesMeta:
      encoding:
        optional: true
    dependencies:
      whatwg-url: registry.npmjs.org/whatwg-url/5.0.0
    dev: false

  registry.npmjs.org/packet-reader/1.0.0:
    resolution: {integrity: sha512-HAKu/fG3HpHFO0AA8WE8q2g+gBJaZ9MG7fcKk+IJPLTGAD6Psw4443l+9DGRbOIh3/aXr7Phy0TjilYivJo5XQ==, registry: https://registry.npmjs.cf/, tarball: https://registry.npmjs.org/packet-reader/-/packet-reader-1.0.0.tgz}
    name: packet-reader
    version: 1.0.0
    dev: false

  registry.npmjs.org/parse-ms/3.0.0:
    resolution: {integrity: sha512-Tpb8Z7r7XbbtBTrM9UhpkzzaMrqA2VXMT3YChzYltwV3P3pM6t8wl7TvpMnSTosz1aQAdVib7kdoys7vYOPerw==, registry: https://registry.npmjs.cf/, tarball: https://registry.npmjs.org/parse-ms/-/parse-ms-3.0.0.tgz}
    name: parse-ms
    version: 3.0.0
    engines: {node: '>=12'}
    dev: false

  registry.npmjs.org/peek-readable/5.0.0:
    resolution: {integrity: sha512-YtCKvLUOvwtMGmrniQPdO7MwPjgkFBtFIrmfSbYmYuq3tKDV/mcfAhBth1+C3ru7uXIZasc/pHnb+YDYNkkj4A==, registry: https://registry.npmjs.cf/, tarball: https://registry.npmjs.org/peek-readable/-/peek-readable-5.0.0.tgz}
    name: peek-readable
    version: 5.0.0
    engines: {node: '>=14.16'}
    dev: false

  registry.npmjs.org/pg-connection-string/2.5.0:
    resolution: {integrity: sha512-r5o/V/ORTA6TmUnyWZR9nCj1klXCO2CEKNRlVuJptZe85QuhFayC7WeMic7ndayT5IRIR0S0xFxFi2ousartlQ==, registry: https://registry.npmjs.cf/, tarball: https://registry.npmjs.org/pg-connection-string/-/pg-connection-string-2.5.0.tgz}
    name: pg-connection-string
    version: 2.5.0
    dev: false

  registry.npmjs.org/pg-int8/1.0.1:
    resolution: {integrity: sha512-WCtabS6t3c8SkpDBUlb1kjOs7l66xsGdKpIPZsg4wR+B3+u9UAum2odSsF9tnvxg80h4ZxLWMy4pRjOsFIqQpw==, registry: https://registry.npmjs.cf/, tarball: https://registry.npmjs.org/pg-int8/-/pg-int8-1.0.1.tgz}
    name: pg-int8
    version: 1.0.1
    engines: {node: '>=4.0.0'}

  registry.npmjs.org/pg-pool/3.5.2_pg@8.9.0:
    resolution: {integrity: sha512-His3Fh17Z4eg7oANLob6ZvH8xIVen3phEZh2QuyrIl4dQSDVEabNducv6ysROKpDNPSD+12tONZVWfSgMvDD9w==, registry: https://registry.npmjs.cf/, tarball: https://registry.npmjs.org/pg-pool/-/pg-pool-3.5.2.tgz}
    id: registry.npmjs.org/pg-pool/3.5.2
    name: pg-pool
    version: 3.5.2
    peerDependencies:
      pg: '>=8.0'
    dependencies:
      pg: registry.npmjs.org/pg/8.9.0
    dev: false

  registry.npmjs.org/pg-protocol/1.6.0:
    resolution: {integrity: sha512-M+PDm637OY5WM307051+bsDia5Xej6d9IR4GwJse1qA1DIhiKlksvrneZOYQq42OM+spubpcNYEo2FcKQrDk+Q==, registry: https://registry.npmjs.cf/, tarball: https://registry.npmjs.org/pg-protocol/-/pg-protocol-1.6.0.tgz}
    name: pg-protocol
    version: 1.6.0

  registry.npmjs.org/pg-types/2.2.0:
    resolution: {integrity: sha512-qTAAlrEsl8s4OiEQY69wDvcMIdQN6wdz5ojQiOy6YRMuynxenON0O5oCpJI6lshc6scgAY8qvJ2On/p+CXY0GA==, registry: https://registry.npmjs.cf/, tarball: https://registry.npmjs.org/pg-types/-/pg-types-2.2.0.tgz}
    name: pg-types
    version: 2.2.0
    engines: {node: '>=4'}
    dependencies:
      pg-int8: registry.npmjs.org/pg-int8/1.0.1
      postgres-array: registry.npmjs.org/postgres-array/2.0.0
      postgres-bytea: registry.npmjs.org/postgres-bytea/1.0.0
      postgres-date: registry.npmjs.org/postgres-date/1.0.7
      postgres-interval: registry.npmjs.org/postgres-interval/1.2.0

  registry.npmjs.org/pg/8.9.0:
    resolution: {integrity: sha512-ZJM+qkEbtOHRuXjmvBtOgNOXOtLSbxiMiUVMgE4rV6Zwocy03RicCVvDXgx8l4Biwo8/qORUnEqn2fdQzV7KCg==, registry: https://registry.npmjs.cf/, tarball: https://registry.npmjs.org/pg/-/pg-8.9.0.tgz}
    name: pg
    version: 8.9.0
    engines: {node: '>= 8.0.0'}
    peerDependencies:
      pg-native: '>=3.0.1'
    peerDependenciesMeta:
      pg-native:
        optional: true
    dependencies:
      buffer-writer: registry.npmjs.org/buffer-writer/2.0.0
      packet-reader: registry.npmjs.org/packet-reader/1.0.0
      pg-connection-string: registry.npmjs.org/pg-connection-string/2.5.0
      pg-pool: registry.npmjs.org/pg-pool/3.5.2_pg@8.9.0
      pg-protocol: registry.npmjs.org/pg-protocol/1.6.0
      pg-types: registry.npmjs.org/pg-types/2.2.0
      pgpass: registry.npmjs.org/pgpass/1.0.5
    dev: false

  registry.npmjs.org/pgpass/1.0.5:
    resolution: {integrity: sha512-FdW9r/jQZhSeohs1Z3sI1yxFQNFvMcnmfuj4WBMUTxOrAyLMaTcE1aAMBiTlbMNaXvBCQuVi0R7hd8udDSP7ug==, registry: https://registry.npmjs.cf/, tarball: https://registry.npmjs.org/pgpass/-/pgpass-1.0.5.tgz}
    name: pgpass
    version: 1.0.5
    dependencies:
      split2: registry.npmjs.org/split2/4.1.0
    dev: false

  registry.npmjs.org/postgres-array/2.0.0:
    resolution: {integrity: sha512-VpZrUqU5A69eQyW2c5CA1jtLecCsN2U/bD6VilrFDWq5+5UIEVO7nazS3TEcHf1zuPYO/sqGvUvW62g86RXZuA==, registry: https://registry.npmjs.cf/, tarball: https://registry.npmjs.org/postgres-array/-/postgres-array-2.0.0.tgz}
    name: postgres-array
    version: 2.0.0
    engines: {node: '>=4'}

  registry.npmjs.org/postgres-bytea/1.0.0:
    resolution: {integrity: sha512-xy3pmLuQqRBZBXDULy7KbaitYqLcmxigw14Q5sj8QBVLqEwXfeybIKVWiqAXTlcvdvb0+xkOtDbfQMOf4lST1w==, registry: https://registry.npmjs.cf/, tarball: https://registry.npmjs.org/postgres-bytea/-/postgres-bytea-1.0.0.tgz}
    name: postgres-bytea
    version: 1.0.0
    engines: {node: '>=0.10.0'}

  registry.npmjs.org/postgres-date/1.0.7:
    resolution: {integrity: sha512-suDmjLVQg78nMK2UZ454hAG+OAW+HQPZ6n++TNDUX+L0+uUlLywnoxJKDou51Zm+zTCjrCl0Nq6J9C5hP9vK/Q==, registry: https://registry.npmjs.cf/, tarball: https://registry.npmjs.org/postgres-date/-/postgres-date-1.0.7.tgz}
    name: postgres-date
    version: 1.0.7
    engines: {node: '>=0.10.0'}

  registry.npmjs.org/postgres-interval/1.2.0:
    resolution: {integrity: sha512-9ZhXKM/rw350N1ovuWHbGxnGh/SNJ4cnxHiM0rxE4VN41wsg8P8zWn9hv/buK00RP4WvlOyr/RBDiptyxVbkZQ==, registry: https://registry.npmjs.cf/, tarball: https://registry.npmjs.org/postgres-interval/-/postgres-interval-1.2.0.tgz}
    name: postgres-interval
    version: 1.2.0
    engines: {node: '>=0.10.0'}
    dependencies:
      xtend: registry.npmjs.org/xtend/4.0.2

  registry.npmjs.org/pretty-ms/8.0.0:
    resolution: {integrity: sha512-ASJqOugUF1bbzI35STMBUpZqdfYKlJugy6JBziGi2EE+AL5JPJGSzvpeVXojxrr0ViUYoToUjb5kjSEGf7Y83Q==, registry: https://registry.npmjs.cf/, tarball: https://registry.npmjs.org/pretty-ms/-/pretty-ms-8.0.0.tgz}
    name: pretty-ms
    version: 8.0.0
    engines: {node: '>=14.16'}
    dependencies:
      parse-ms: registry.npmjs.org/parse-ms/3.0.0
    dev: false

  registry.npmjs.org/proxy-from-env/1.1.0:
    resolution: {integrity: sha512-D+zkORCbA9f1tdWRK0RaCR3GPv50cMxcrz4X8k5LTSUD1Dkw47mKJEZQNunItRTkWwgtaUSo1RVFRIG9ZXiFYg==, registry: https://registry.npmjs.cf/, tarball: https://registry.npmjs.org/proxy-from-env/-/proxy-from-env-1.1.0.tgz}
    name: proxy-from-env
    version: 1.1.0
    dev: false

  registry.npmjs.org/readable-stream/3.6.1:
    resolution: {integrity: sha512-+rQmrWMYGA90yenhTYsLWAsLsqVC8osOw6PKE1HDYiO0gdPeKe/xDHNzIAIn4C91YQ6oenEhfYqqc1883qHbjQ==, registry: https://registry.npmjs.cf/, tarball: https://registry.npmjs.org/readable-stream/-/readable-stream-3.6.1.tgz}
    name: readable-stream
    version: 3.6.1
    engines: {node: '>= 6'}
    dependencies:
      inherits: registry.npmjs.org/inherits/2.0.4
      string_decoder: registry.npmjs.org/string_decoder/1.3.0
      util-deprecate: registry.npmjs.org/util-deprecate/1.0.2
    dev: false

  registry.npmjs.org/readable-web-to-node-stream/3.0.2:
    resolution: {integrity: sha512-ePeK6cc1EcKLEhJFt/AebMCLL+GgSKhuygrZ/GLaKZYEecIgIECf4UaUuaByiGtzckwR4ain9VzUh95T1exYGw==, registry: https://registry.npmjs.cf/, tarball: https://registry.npmjs.org/readable-web-to-node-stream/-/readable-web-to-node-stream-3.0.2.tgz}
    name: readable-web-to-node-stream
    version: 3.0.2
    engines: {node: '>=8'}
    dependencies:
      readable-stream: registry.npmjs.org/readable-stream/3.6.1
    dev: false

  registry.npmjs.org/regenerator-runtime/0.13.11:
    resolution: {integrity: sha512-kY1AZVr2Ra+t+piVaJ4gxaFaReZVH40AKNo7UCX6W+dEwBo/2oZJzqfuN1qLq1oL45o56cPaTXELwrTh8Fpggg==, registry: https://registry.npmjs.cf/, tarball: https://registry.npmjs.org/regenerator-runtime/-/regenerator-runtime-0.13.11.tgz}
    name: regenerator-runtime
    version: 0.13.11
    dev: false

  registry.npmjs.org/rjutils-collection/1.2.0:
    resolution: {integrity: sha512-aCr0EjevPYASNt3vBSMVFk/0BYUxTZixe5ZXju9+koN547Y0aHDGDyIwFXIdXwjtYMoHhpGkJejFWYLROgqY+w==, registry: https://registry.npmjs.cf/, tarball: https://registry.npmjs.org/rjutils-collection/-/rjutils-collection-1.2.0.tgz}
    name: rjutils-collection
    version: 1.2.0
    dev: false

  registry.npmjs.org/rjweb-server/4.0.3:
    resolution: {integrity: sha512-glt6EGf3Go1/bwC2Bk5yxubbgTmmH1TnJKBlHvRh4WXI3BZEa51qvBBql2naJxFlubPBU8JTynvOg16YnLNMjQ==, registry: https://registry.npmjs.cf/, tarball: https://registry.npmjs.org/rjweb-server/-/rjweb-server-4.0.3.tgz}
    name: rjweb-server
    version: 4.0.3
    hasBin: true
    dev: false

  registry.npmjs.org/safe-buffer/5.2.1:
    resolution: {integrity: sha512-rp3So07KcdmmKbGvgaNxQSJr7bGVSVk5S9Eq1F+ppbRo70+YeaDxkw5Dd8NPN+GD6bjnYm2VuPuCXmpuYvmCXQ==, registry: https://registry.npmjs.cf/, tarball: https://registry.npmjs.org/safe-buffer/-/safe-buffer-5.2.1.tgz}
    name: safe-buffer
    version: 5.2.1
    dev: false

  registry.npmjs.org/seedrandom/3.0.5:
    resolution: {integrity: sha512-8OwmbklUNzwezjGInmZ+2clQmExQPvomqjL7LFqOYqtmuxRgQYqOD3mHaU+MvZn5FLUeVxVfQjwLZW/n/JFuqg==, registry: https://registry.npmjs.cf/, tarball: https://registry.npmjs.org/seedrandom/-/seedrandom-3.0.5.tgz}
    name: seedrandom
    version: 3.0.5
    dev: false

  registry.npmjs.org/simple-git/3.17.0:
    resolution: {integrity: sha512-JozI/s8jr3nvLd9yn2jzPVHnhVzt7t7QWfcIoDcqRIGN+f1IINGv52xoZti2kkYfoRhhRvzMSNPfogHMp97rlw==, registry: https://registry.npmjs.cf/, tarball: https://registry.npmjs.org/simple-git/-/simple-git-3.17.0.tgz}
    name: simple-git
    version: 3.17.0
    dependencies:
      '@kwsites/file-exists': registry.npmjs.org/@kwsites/file-exists/1.1.1
      '@kwsites/promise-deferred': registry.npmjs.org/@kwsites/promise-deferred/1.1.1
      debug: registry.npmjs.org/debug/4.3.4
    transitivePeerDependencies:
      - supports-color
    dev: false

  registry.npmjs.org/split2/4.1.0:
    resolution: {integrity: sha512-VBiJxFkxiXRlUIeyMQi8s4hgvKCSjtknJv/LVYbrgALPwf5zSKmEwV9Lst25AkvMDnvxODugjdl6KZgwKM1WYQ==, registry: https://registry.npmjs.cf/, tarball: https://registry.npmjs.org/split2/-/split2-4.1.0.tgz}
    name: split2
    version: 4.1.0
    engines: {node: '>= 10.x'}
    dev: false

  registry.npmjs.org/streamsearch/1.1.0:
    resolution: {integrity: sha512-Mcc5wHehp9aXz1ax6bZUyY5afg9u2rv5cqQI3mRrYkGC8rW2hM02jWuwjtL++LS5qinSyhj2QfLyNsuc+VsExg==, registry: https://registry.npmjs.cf/, tarball: https://registry.npmjs.org/streamsearch/-/streamsearch-1.1.0.tgz}
    name: streamsearch
    version: 1.1.0
    engines: {node: '>=10.0.0'}
    dev: false

  registry.npmjs.org/string_decoder/1.3.0:
    resolution: {integrity: sha512-hkRX8U1WjJFd8LsDJ2yQ/wWWxaopEsABU1XfkM8A+j0+85JAGppt16cr1Whg6KIbb4okU6Mql6BOj+uup/wKeA==, registry: https://registry.npmjs.cf/, tarball: https://registry.npmjs.org/string_decoder/-/string_decoder-1.3.0.tgz}
    name: string_decoder
    version: 1.3.0
    dependencies:
      safe-buffer: registry.npmjs.org/safe-buffer/5.2.1
    dev: false

  registry.npmjs.org/strtok3/7.0.0:
    resolution: {integrity: sha512-pQ+V+nYQdC5H3Q7qBZAz/MO6lwGhoC2gOAjuouGf/VO0m7vQRh8QNMl2Uf6SwAtzZ9bOw3UIeBukEGNJl5dtXQ==, registry: https://registry.npmjs.cf/, tarball: https://registry.npmjs.org/strtok3/-/strtok3-7.0.0.tgz}
    name: strtok3
    version: 7.0.0
    engines: {node: '>=14.16'}
    dependencies:
      '@tokenizer/token': registry.npmjs.org/@tokenizer/token/0.3.0
      peek-readable: registry.npmjs.org/peek-readable/5.0.0
    dev: false

  registry.npmjs.org/tiny-emitter/2.1.0:
    resolution: {integrity: sha512-NB6Dk1A9xgQPMoGqC5CVXn123gWyte215ONT5Pp5a0yt4nlEoO1ZWeCwpncaekPHXO60i47ihFnZPiRPjRMq4Q==, registry: https://registry.npmjs.cf/, tarball: https://registry.npmjs.org/tiny-emitter/-/tiny-emitter-2.1.0.tgz}
    name: tiny-emitter
    version: 2.1.0
    dev: false

  registry.npmjs.org/token-types/5.0.1:
    resolution: {integrity: sha512-Y2fmSnZjQdDb9W4w4r1tswlMHylzWIeOKpx0aZH9BgGtACHhrk3OkT52AzwcuqTRBZtvvnTjDBh8eynMulu8Vg==, registry: https://registry.npmjs.cf/, tarball: https://registry.npmjs.org/token-types/-/token-types-5.0.1.tgz}
    name: token-types
    version: 5.0.1
    engines: {node: '>=14.16'}
    dependencies:
      '@tokenizer/token': registry.npmjs.org/@tokenizer/token/0.3.0
      ieee754: registry.npmjs.org/ieee754/1.2.1
    dev: false

  registry.npmjs.org/tr46/0.0.3:
    resolution: {integrity: sha512-N3WMsuqV66lT30CrXNbEjx4GEwlow3v6rr4mCcv6prnfwhS01rkgyFdjPNBYd9br7LpXV1+Emh01fHnq2Gdgrw==, registry: https://registry.npmjs.cf/, tarball: https://registry.npmjs.org/tr46/-/tr46-0.0.3.tgz}
    name: tr46
    version: 0.0.3
    dev: false

  registry.npmjs.org/ts-mixer/6.0.3:
    resolution: {integrity: sha512-k43M7uCG1AkTyxgnmI5MPwKoUvS/bRvLvUb7+Pgpdlmok8AoqmUaZxUUw8zKM5B1lqZrt41GjYgnvAi0fppqgQ==, registry: https://registry.npmjs.cf/, tarball: https://registry.npmjs.org/ts-mixer/-/ts-mixer-6.0.3.tgz}
    name: ts-mixer
    version: 6.0.3
    dev: false

  registry.npmjs.org/tslib/2.5.0:
    resolution: {integrity: sha512-336iVw3rtn2BUK7ORdIAHTyxHGRIHVReokCR3XjbckJMK7ms8FysBfhLR8IXnAgy7T0PTPNBWKiH514FOW/WSg==, registry: https://registry.npmjs.cf/, tarball: https://registry.npmjs.org/tslib/-/tslib-2.5.0.tgz}
    name: tslib
    version: 2.5.0
    dev: false

  registry.npmjs.org/typed-function/4.1.0:
    resolution: {integrity: sha512-DGwUl6cioBW5gw2L+6SMupGwH/kZOqivy17E4nsh1JI9fKF87orMmlQx3KISQPmg3sfnOUGlwVkroosvgddrlg==, registry: https://registry.npmjs.cf/, tarball: https://registry.npmjs.org/typed-function/-/typed-function-4.1.0.tgz}
    name: typed-function
    version: 4.1.0
    engines: {node: '>= 14'}
    dev: false

  registry.npmjs.org/typescript/4.9.5:
    resolution: {integrity: sha512-1FXk9E2Hm+QzZQ7z+McJiHL4NW1F2EzMu9Nq9i3zAaGqibafqYwCVU6WyWAuyQRRzOlxou8xZSyXLEN8oKj24g==, registry: https://registry.npmjs.cf/, tarball: https://registry.npmjs.org/typescript/-/typescript-4.9.5.tgz}
    name: typescript
    version: 4.9.5
    engines: {node: '>=4.2.0'}
    hasBin: true
    dev: true

  registry.npmjs.org/undici/5.20.0:
    resolution: {integrity: sha512-J3j60dYzuo6Eevbawwp1sdg16k5Tf768bxYK4TUJRH7cBM4kFCbf3mOnM/0E3vQYXvpxITbbWmBafaDbxLDz3g==, registry: https://registry.npmjs.cf/, tarball: https://registry.npmjs.org/undici/-/undici-5.20.0.tgz}
    name: undici
    version: 5.20.0
    engines: {node: '>=12.18'}
    dependencies:
      busboy: registry.npmjs.org/busboy/1.6.0
    dev: false

  registry.npmjs.org/util-deprecate/1.0.2:
    resolution: {integrity: sha512-EPD5q1uXyFxJpCrLnCc1nHnq3gOa6DZBocAIiI2TaSCA7VCJ1UJDMagCzIkXNsUYfD1daK//LTEQ8xiIbrHtcw==, registry: https://registry.npmjs.cf/, tarball: https://registry.npmjs.org/util-deprecate/-/util-deprecate-1.0.2.tgz}
    name: util-deprecate
    version: 1.0.2
    dev: false

  registry.npmjs.org/uuid/8.3.2:
    resolution: {integrity: sha512-+NYs2QeMWy+GWFOEm9xnn6HCDp0l7QBD7ml8zLUmJ+93Q5NF0NocErnwkTkXVFNiX3/fpC6afS8Dhb/gz7R7eg==, registry: https://registry.npmjs.cf/, tarball: https://registry.npmjs.org/uuid/-/uuid-8.3.2.tgz}
    name: uuid
    version: 8.3.2
    hasBin: true
    dev: false

  registry.npmjs.org/webidl-conversions/3.0.1:
    resolution: {integrity: sha512-2JAn3z8AR6rjK8Sm8orRC0h/bcl/DqL7tRPdGZ4I1CjdF+EaMLmYxBHyXuKL849eucPFhvBoxMsflfOb8kxaeQ==, registry: https://registry.npmjs.cf/, tarball: https://registry.npmjs.org/webidl-conversions/-/webidl-conversions-3.0.1.tgz}
    name: webidl-conversions
    version: 3.0.1
    dev: false

  registry.npmjs.org/whatwg-url/5.0.0:
    resolution: {integrity: sha512-saE57nupxk6v3HY35+jzBwYa0rKSy0XR8JSxZPwgLr7ys0IBzhGviA1/TUGJLmSVqs8pb9AnvICXEuOHLprYTw==, registry: https://registry.npmjs.cf/, tarball: https://registry.npmjs.org/whatwg-url/-/whatwg-url-5.0.0.tgz}
    name: whatwg-url
    version: 5.0.0
    dependencies:
      tr46: registry.npmjs.org/tr46/0.0.3
      webidl-conversions: registry.npmjs.org/webidl-conversions/3.0.1
    dev: false

  registry.npmjs.org/ws/8.12.1:
    resolution: {integrity: sha512-1qo+M9Ba+xNhPB+YTWUlK6M17brTut5EXbcBaMRN5pH5dFrXz7lzz1ChFSUq3bOUl8yEvSenhHmYUNJxFzdJew==, registry: https://registry.npmjs.cf/, tarball: https://registry.npmjs.org/ws/-/ws-8.12.1.tgz}
    name: ws
    version: 8.12.1
    engines: {node: '>=10.0.0'}
    peerDependencies:
      bufferutil: ^4.0.1
      utf-8-validate: '>=5.0.2'
    peerDependenciesMeta:
      bufferutil:
        optional: true
      utf-8-validate:
        optional: true
    dev: false

  registry.npmjs.org/xtend/4.0.2:
    resolution: {integrity: sha512-LKYU1iAXJXUgAXn9URjiu+MWhyUXHsvfp7mcuYm9dSUKK0/CjtrUwFAxD82/mCWbtLsGjFIad0wIsod4zrTAEQ==, registry: https://registry.npmjs.cf/, tarball: https://registry.npmjs.org/xtend/-/xtend-4.0.2.tgz}
    name: xtend
    version: 4.0.2
    engines: {node: '>=0.4'}
